// !$*UTF8*$!
{
	archiveVersion = 1;
	classes = {
	};
	objectVersion = 56;
	objects = {

/* Begin PBXBuildFile section */
		4A2853412C94152700D8C44B /* Localizable.xcstrings in Resources */ = {isa = PBXBuildFile; fileRef = 4A2853402C94152700D8C44B /* Localizable.xcstrings */; };
		4AC410032C93E6710070EB75 /* ImageCacheManagerProtocol.swift in Sources */ = {isa = PBXBuildFile; fileRef = 4AC410022C93E6710070EB75 /* ImageCacheManagerProtocol.swift */; };
		4AC410052C93E6860070EB75 /* LocationManagerProtocol.swift in Sources */ = {isa = PBXBuildFile; fileRef = 4AC410042C93E6860070EB75 /* LocationManagerProtocol.swift */; };
		4AC410062C93EBFD0070EB75 /* LocationManagerProtocol.swift in Sources */ = {isa = PBXBuildFile; fileRef = 4AC410042C93E6860070EB75 /* LocationManagerProtocol.swift */; };
		4AC410072C93EC000070EB75 /* ImageCacheManagerProtocol.swift in Sources */ = {isa = PBXBuildFile; fileRef = 4AC410022C93E6710070EB75 /* ImageCacheManagerProtocol.swift */; };
		4AF5C50E2C92A2A9005F2F67 /* WeatherApp.swift in Sources */ = {isa = PBXBuildFile; fileRef = 4AF5C50D2C92A2A9005F2F67 /* WeatherApp.swift */; };
		4AF5C5122C92A2AB005F2F67 /* Assets.xcassets in Resources */ = {isa = PBXBuildFile; fileRef = 4AF5C5112C92A2AB005F2F67 /* Assets.xcassets */; };
		4AF5C5152C92A2AB005F2F67 /* Preview Assets.xcassets in Resources */ = {isa = PBXBuildFile; fileRef = 4AF5C5142C92A2AB005F2F67 /* Preview Assets.xcassets */; };
		4AF5C5292C92A2AC005F2F67 /* WeatherUITests.swift in Sources */ = {isa = PBXBuildFile; fileRef = 4AF5C5282C92A2AC005F2F67 /* WeatherUITests.swift */; };
		4AF5C52B2C92A2AC005F2F67 /* WeatherUITestsLaunchTests.swift in Sources */ = {isa = PBXBuildFile; fileRef = 4AF5C52A2C92A2AC005F2F67 /* WeatherUITestsLaunchTests.swift */; };
		4AF5C5382C92A977005F2F67 /* HomeCoordinator.swift in Sources */ = {isa = PBXBuildFile; fileRef = 4AF5C5372C92A977005F2F67 /* HomeCoordinator.swift */; };
		4AF5C53A2C92A98A005F2F67 /* WeatherServiceProtocol.swift in Sources */ = {isa = PBXBuildFile; fileRef = 4AF5C5392C92A98A005F2F67 /* WeatherServiceProtocol.swift */; };
		4AF5C5402C92AB3E005F2F67 /* WeatherData.swift in Sources */ = {isa = PBXBuildFile; fileRef = 4AF5C53F2C92AB3E005F2F67 /* WeatherData.swift */; };
		4AF5C5452C9347B9005F2F67 /* OpenWeatherService.swift in Sources */ = {isa = PBXBuildFile; fileRef = 4AF5C5442C9347B9005F2F67 /* OpenWeatherService.swift */; };
		4AF5C5472C93484A005F2F67 /* WeatherViewModel.swift in Sources */ = {isa = PBXBuildFile; fileRef = 4AF5C5462C93484A005F2F67 /* WeatherViewModel.swift */; };
		4AF5C5492C9348D6005F2F67 /* WeatherView.swift in Sources */ = {isa = PBXBuildFile; fileRef = 4AF5C5482C9348D6005F2F67 /* WeatherView.swift */; };
		4AF5C54B2C93514C005F2F67 /* ImageCacheManager.swift in Sources */ = {isa = PBXBuildFile; fileRef = 4AF5C54A2C93514C005F2F67 /* ImageCacheManager.swift */; };
		4AF5C54D2C9356F6005F2F67 /* LocationManager.swift in Sources */ = {isa = PBXBuildFile; fileRef = 4AF5C54C2C9356F6005F2F67 /* LocationManager.swift */; };
		4AF5C5502C935A21005F2F67 /* DefaultData.swift in Sources */ = {isa = PBXBuildFile; fileRef = 4AF5C54F2C935A21005F2F67 /* DefaultData.swift */; };
		4AF5C5512C935F4B005F2F67 /* WeatherViewModel.swift in Sources */ = {isa = PBXBuildFile; fileRef = 4AF5C5462C93484A005F2F67 /* WeatherViewModel.swift */; };
		4AF5C5522C935F4F005F2F67 /* DefaultData.swift in Sources */ = {isa = PBXBuildFile; fileRef = 4AF5C54F2C935A21005F2F67 /* DefaultData.swift */; };
		4AF5C5532C935F53005F2F67 /* ImageCacheManager.swift in Sources */ = {isa = PBXBuildFile; fileRef = 4AF5C54A2C93514C005F2F67 /* ImageCacheManager.swift */; };
		4AF5C5542C935F53005F2F67 /* LocationManager.swift in Sources */ = {isa = PBXBuildFile; fileRef = 4AF5C54C2C9356F6005F2F67 /* LocationManager.swift */; };
		4AF5C5552C935F5C005F2F67 /* WeatherServiceProtocol.swift in Sources */ = {isa = PBXBuildFile; fileRef = 4AF5C5392C92A98A005F2F67 /* WeatherServiceProtocol.swift */; };
		4AF5C5562C935F5C005F2F67 /* OpenWeatherService.swift in Sources */ = {isa = PBXBuildFile; fileRef = 4AF5C5442C9347B9005F2F67 /* OpenWeatherService.swift */; };
		4AF5C5572C935F5C005F2F67 /* WeatherData.swift in Sources */ = {isa = PBXBuildFile; fileRef = 4AF5C53F2C92AB3E005F2F67 /* WeatherData.swift */; };
		4AF5C5592C935F75005F2F67 /* MockServices.swift in Sources */ = {isa = PBXBuildFile; fileRef = 4AF5C5582C935F75005F2F67 /* MockServices.swift */; };
		4AF5C55B2C935FF4005F2F67 /* WeatherViewModelTests.swift in Sources */ = {isa = PBXBuildFile; fileRef = 4AF5C55A2C935FF4005F2F67 /* WeatherViewModelTests.swift */; };
/* End PBXBuildFile section */

/* Begin PBXContainerItemProxy section */
		4AF5C51B2C92A2AC005F2F67 /* PBXContainerItemProxy */ = {
			isa = PBXContainerItemProxy;
			containerPortal = 4AF5C5022C92A2A9005F2F67 /* Project object */;
			proxyType = 1;
			remoteGlobalIDString = 4AF5C5092C92A2A9005F2F67;
			remoteInfo = Weather;
		};
		4AF5C5252C92A2AC005F2F67 /* PBXContainerItemProxy */ = {
			isa = PBXContainerItemProxy;
			containerPortal = 4AF5C5022C92A2A9005F2F67 /* Project object */;
			proxyType = 1;
			remoteGlobalIDString = 4AF5C5092C92A2A9005F2F67;
			remoteInfo = Weather;
		};
/* End PBXContainerItemProxy section */

/* Begin PBXFileReference section */
		4A2853402C94152700D8C44B /* Localizable.xcstrings */ = {isa = PBXFileReference; lastKnownFileType = text.json.xcstrings; path = Localizable.xcstrings; sourceTree = "<group>"; };
		4AC410022C93E6710070EB75 /* ImageCacheManagerProtocol.swift */ = {isa = PBXFileReference; lastKnownFileType = sourcecode.swift; path = ImageCacheManagerProtocol.swift; sourceTree = "<group>"; };
		4AC410042C93E6860070EB75 /* LocationManagerProtocol.swift */ = {isa = PBXFileReference; lastKnownFileType = sourcecode.swift; path = LocationManagerProtocol.swift; sourceTree = "<group>"; };
		4AF5C50A2C92A2A9005F2F67 /* Weather.app */ = {isa = PBXFileReference; explicitFileType = wrapper.application; includeInIndex = 0; path = Weather.app; sourceTree = BUILT_PRODUCTS_DIR; };
		4AF5C50D2C92A2A9005F2F67 /* WeatherApp.swift */ = {isa = PBXFileReference; lastKnownFileType = sourcecode.swift; path = WeatherApp.swift; sourceTree = "<group>"; };
		4AF5C5112C92A2AB005F2F67 /* Assets.xcassets */ = {isa = PBXFileReference; lastKnownFileType = folder.assetcatalog; path = Assets.xcassets; sourceTree = "<group>"; };
		4AF5C5142C92A2AB005F2F67 /* Preview Assets.xcassets */ = {isa = PBXFileReference; lastKnownFileType = folder.assetcatalog; path = "Preview Assets.xcassets"; sourceTree = "<group>"; };
		4AF5C51A2C92A2AC005F2F67 /* WeatherTests.xctest */ = {isa = PBXFileReference; explicitFileType = wrapper.cfbundle; includeInIndex = 0; path = WeatherTests.xctest; sourceTree = BUILT_PRODUCTS_DIR; };
		4AF5C5242C92A2AC005F2F67 /* WeatherUITests.xctest */ = {isa = PBXFileReference; explicitFileType = wrapper.cfbundle; includeInIndex = 0; path = WeatherUITests.xctest; sourceTree = BUILT_PRODUCTS_DIR; };
		4AF5C5282C92A2AC005F2F67 /* WeatherUITests.swift */ = {isa = PBXFileReference; lastKnownFileType = sourcecode.swift; path = WeatherUITests.swift; sourceTree = "<group>"; };
		4AF5C52A2C92A2AC005F2F67 /* WeatherUITestsLaunchTests.swift */ = {isa = PBXFileReference; lastKnownFileType = sourcecode.swift; path = WeatherUITestsLaunchTests.swift; sourceTree = "<group>"; };
		4AF5C5372C92A977005F2F67 /* HomeCoordinator.swift */ = {isa = PBXFileReference; lastKnownFileType = sourcecode.swift; path = HomeCoordinator.swift; sourceTree = "<group>"; };
		4AF5C5392C92A98A005F2F67 /* WeatherServiceProtocol.swift */ = {isa = PBXFileReference; lastKnownFileType = sourcecode.swift; path = WeatherServiceProtocol.swift; sourceTree = "<group>"; };
		4AF5C53F2C92AB3E005F2F67 /* WeatherData.swift */ = {isa = PBXFileReference; lastKnownFileType = sourcecode.swift; path = WeatherData.swift; sourceTree = "<group>"; };
		4AF5C5442C9347B9005F2F67 /* OpenWeatherService.swift */ = {isa = PBXFileReference; lastKnownFileType = sourcecode.swift; path = OpenWeatherService.swift; sourceTree = "<group>"; };
		4AF5C5462C93484A005F2F67 /* WeatherViewModel.swift */ = {isa = PBXFileReference; lastKnownFileType = sourcecode.swift; path = WeatherViewModel.swift; sourceTree = "<group>"; };
		4AF5C5482C9348D6005F2F67 /* WeatherView.swift */ = {isa = PBXFileReference; lastKnownFileType = sourcecode.swift; path = WeatherView.swift; sourceTree = "<group>"; };
		4AF5C54A2C93514C005F2F67 /* ImageCacheManager.swift */ = {isa = PBXFileReference; lastKnownFileType = sourcecode.swift; path = ImageCacheManager.swift; sourceTree = "<group>"; };
		4AF5C54C2C9356F6005F2F67 /* LocationManager.swift */ = {isa = PBXFileReference; lastKnownFileType = sourcecode.swift; path = LocationManager.swift; sourceTree = "<group>"; };
		4AF5C54F2C935A21005F2F67 /* DefaultData.swift */ = {isa = PBXFileReference; lastKnownFileType = sourcecode.swift; path = DefaultData.swift; sourceTree = "<group>"; };
		4AF5C5582C935F75005F2F67 /* MockServices.swift */ = {isa = PBXFileReference; lastKnownFileType = sourcecode.swift; path = MockServices.swift; sourceTree = "<group>"; };
		4AF5C55A2C935FF4005F2F67 /* WeatherViewModelTests.swift */ = {isa = PBXFileReference; lastKnownFileType = sourcecode.swift; path = WeatherViewModelTests.swift; sourceTree = "<group>"; };
/* End PBXFileReference section */

/* Begin PBXFrameworksBuildPhase section */
		4AF5C5072C92A2A9005F2F67 /* Frameworks */ = {
			isa = PBXFrameworksBuildPhase;
			buildActionMask = 2147483647;
			files = (
			);
			runOnlyForDeploymentPostprocessing = 0;
		};
		4AF5C5172C92A2AC005F2F67 /* Frameworks */ = {
			isa = PBXFrameworksBuildPhase;
			buildActionMask = 2147483647;
			files = (
			);
			runOnlyForDeploymentPostprocessing = 0;
		};
		4AF5C5212C92A2AC005F2F67 /* Frameworks */ = {
			isa = PBXFrameworksBuildPhase;
			buildActionMask = 2147483647;
			files = (
			);
			runOnlyForDeploymentPostprocessing = 0;
		};
/* End PBXFrameworksBuildPhase section */

/* Begin PBXGroup section */
		4A28533F2C940B3300D8C44B /* Views */ = {
			isa = PBXGroup;
			children = (
				4AF5C5462C93484A005F2F67 /* WeatherViewModel.swift */,
				4AF5C5482C9348D6005F2F67 /* WeatherView.swift */,
				4AF5C54F2C935A21005F2F67 /* DefaultData.swift */,
			);
			path = Views;
			sourceTree = "<group>";
		};
		4AF5C5012C92A2A9005F2F67 = {
			isa = PBXGroup;
			children = (
				4AF5C50C2C92A2A9005F2F67 /* Weather */,
				4AF5C51D2C92A2AC005F2F67 /* WeatherTests */,
				4AF5C5272C92A2AC005F2F67 /* WeatherUITests */,
				4AF5C50B2C92A2A9005F2F67 /* Products */,
			);
			sourceTree = "<group>";
		};
		4AF5C50B2C92A2A9005F2F67 /* Products */ = {
			isa = PBXGroup;
			children = (
				4AF5C50A2C92A2A9005F2F67 /* Weather.app */,
				4AF5C51A2C92A2AC005F2F67 /* WeatherTests.xctest */,
				4AF5C5242C92A2AC005F2F67 /* WeatherUITests.xctest */,
			);
			name = Products;
			sourceTree = "<group>";
		};
		4AF5C50C2C92A2A9005F2F67 /* Weather */ = {
			isa = PBXGroup;
			children = (
				4AF5C50D2C92A2A9005F2F67 /* WeatherApp.swift */,
				4AF5C5372C92A977005F2F67 /* HomeCoordinator.swift */,
				4A28533F2C940B3300D8C44B /* Views */,
				4AF5C54E2C9357EA005F2F67 /* Managers */,
				4AF5C5432C934613005F2F67 /* NetworkLayer */,
				4AF5C5112C92A2AB005F2F67 /* Assets.xcassets */,
				4AF5C5132C92A2AB005F2F67 /* Preview Content */,
				4A2853402C94152700D8C44B /* Localizable.xcstrings */,
			);
			path = Weather;
			sourceTree = "<group>";
		};
		4AF5C5132C92A2AB005F2F67 /* Preview Content */ = {
			isa = PBXGroup;
			children = (
				4AF5C5142C92A2AB005F2F67 /* Preview Assets.xcassets */,
			);
			path = "Preview Content";
			sourceTree = "<group>";
		};
		4AF5C51D2C92A2AC005F2F67 /* WeatherTests */ = {
			isa = PBXGroup;
			children = (
				4AF5C5582C935F75005F2F67 /* MockServices.swift */,
				4AF5C55A2C935FF4005F2F67 /* WeatherViewModelTests.swift */,
			);
			path = WeatherTests;
			sourceTree = "<group>";
		};
		4AF5C5272C92A2AC005F2F67 /* WeatherUITests */ = {
			isa = PBXGroup;
			children = (
				4AF5C5282C92A2AC005F2F67 /* WeatherUITests.swift */,
				4AF5C52A2C92A2AC005F2F67 /* WeatherUITestsLaunchTests.swift */,
			);
			path = WeatherUITests;
			sourceTree = "<group>";
		};
		4AF5C5432C934613005F2F67 /* NetworkLayer */ = {
			isa = PBXGroup;
			children = (
				4AF5C5392C92A98A005F2F67 /* WeatherServiceProtocol.swift */,
				4AF5C5442C9347B9005F2F67 /* OpenWeatherService.swift */,
				4AF5C53F2C92AB3E005F2F67 /* WeatherData.swift */,
			);
			path = NetworkLayer;
			sourceTree = "<group>";
		};
		4AF5C54E2C9357EA005F2F67 /* Managers */ = {
			isa = PBXGroup;
			children = (
				4AC410022C93E6710070EB75 /* ImageCacheManagerProtocol.swift */,
				4AF5C54A2C93514C005F2F67 /* ImageCacheManager.swift */,
				4AC410042C93E6860070EB75 /* LocationManagerProtocol.swift */,
				4AF5C54C2C9356F6005F2F67 /* LocationManager.swift */,
			);
			path = Managers;
			sourceTree = "<group>";
		};
/* End PBXGroup section */

/* Begin PBXNativeTarget section */
		4AF5C5092C92A2A9005F2F67 /* Weather */ = {
			isa = PBXNativeTarget;
			buildConfigurationList = 4AF5C52E2C92A2AC005F2F67 /* Build configuration list for PBXNativeTarget "Weather" */;
			buildPhases = (
				4AF5C5062C92A2A9005F2F67 /* Sources */,
				4AF5C5072C92A2A9005F2F67 /* Frameworks */,
				4AF5C5082C92A2A9005F2F67 /* Resources */,
			);
			buildRules = (
			);
			dependencies = (
			);
			name = Weather;
			productName = Weather;
			productReference = 4AF5C50A2C92A2A9005F2F67 /* Weather.app */;
			productType = "com.apple.product-type.application";
		};
		4AF5C5192C92A2AC005F2F67 /* WeatherTests */ = {
			isa = PBXNativeTarget;
			buildConfigurationList = 4AF5C5312C92A2AC005F2F67 /* Build configuration list for PBXNativeTarget "WeatherTests" */;
			buildPhases = (
				4AF5C5162C92A2AC005F2F67 /* Sources */,
				4AF5C5172C92A2AC005F2F67 /* Frameworks */,
				4AF5C5182C92A2AC005F2F67 /* Resources */,
			);
			buildRules = (
			);
			dependencies = (
				4AF5C51C2C92A2AC005F2F67 /* PBXTargetDependency */,
			);
			name = WeatherTests;
			productName = WeatherTests;
			productReference = 4AF5C51A2C92A2AC005F2F67 /* WeatherTests.xctest */;
			productType = "com.apple.product-type.bundle.unit-test";
		};
		4AF5C5232C92A2AC005F2F67 /* WeatherUITests */ = {
			isa = PBXNativeTarget;
			buildConfigurationList = 4AF5C5342C92A2AC005F2F67 /* Build configuration list for PBXNativeTarget "WeatherUITests" */;
			buildPhases = (
				4AF5C5202C92A2AC005F2F67 /* Sources */,
				4AF5C5212C92A2AC005F2F67 /* Frameworks */,
				4AF5C5222C92A2AC005F2F67 /* Resources */,
			);
			buildRules = (
			);
			dependencies = (
				4AF5C5262C92A2AC005F2F67 /* PBXTargetDependency */,
			);
			name = WeatherUITests;
			productName = WeatherUITests;
			productReference = 4AF5C5242C92A2AC005F2F67 /* WeatherUITests.xctest */;
			productType = "com.apple.product-type.bundle.ui-testing";
		};
/* End PBXNativeTarget section */

/* Begin PBXProject section */
		4AF5C5022C92A2A9005F2F67 /* Project object */ = {
			isa = PBXProject;
			attributes = {
				BuildIndependentTargetsInParallel = 1;
				LastSwiftUpdateCheck = 1520;
				LastUpgradeCheck = 1520;
				TargetAttributes = {
					4AF5C5092C92A2A9005F2F67 = {
						CreatedOnToolsVersion = 15.2;
					};
					4AF5C5192C92A2AC005F2F67 = {
						CreatedOnToolsVersion = 15.2;
						TestTargetID = 4AF5C5092C92A2A9005F2F67;
					};
					4AF5C5232C92A2AC005F2F67 = {
						CreatedOnToolsVersion = 15.2;
						TestTargetID = 4AF5C5092C92A2A9005F2F67;
					};
				};
			};
			buildConfigurationList = 4AF5C5052C92A2A9005F2F67 /* Build configuration list for PBXProject "Weather" */;
			compatibilityVersion = "Xcode 14.0";
			developmentRegion = en;
			hasScannedForEncodings = 0;
			knownRegions = (
				en,
				Base,
				es,
			);
			mainGroup = 4AF5C5012C92A2A9005F2F67;
			productRefGroup = 4AF5C50B2C92A2A9005F2F67 /* Products */;
			projectDirPath = "";
			projectRoot = "";
			targets = (
				4AF5C5092C92A2A9005F2F67 /* Weather */,
				4AF5C5192C92A2AC005F2F67 /* WeatherTests */,
				4AF5C5232C92A2AC005F2F67 /* WeatherUITests */,
			);
		};
/* End PBXProject section */

/* Begin PBXResourcesBuildPhase section */
		4AF5C5082C92A2A9005F2F67 /* Resources */ = {
			isa = PBXResourcesBuildPhase;
			buildActionMask = 2147483647;
			files = (
				4AF5C5152C92A2AB005F2F67 /* Preview Assets.xcassets in Resources */,
				4AF5C5122C92A2AB005F2F67 /* Assets.xcassets in Resources */,
				4A2853412C94152700D8C44B /* Localizable.xcstrings in Resources */,
			);
			runOnlyForDeploymentPostprocessing = 0;
		};
		4AF5C5182C92A2AC005F2F67 /* Resources */ = {
			isa = PBXResourcesBuildPhase;
			buildActionMask = 2147483647;
			files = (
			);
			runOnlyForDeploymentPostprocessing = 0;
		};
		4AF5C5222C92A2AC005F2F67 /* Resources */ = {
			isa = PBXResourcesBuildPhase;
			buildActionMask = 2147483647;
			files = (
			);
			runOnlyForDeploymentPostprocessing = 0;
		};
/* End PBXResourcesBuildPhase section */

/* Begin PBXSourcesBuildPhase section */
		4AF5C5062C92A2A9005F2F67 /* Sources */ = {
			isa = PBXSourcesBuildPhase;
			buildActionMask = 2147483647;
			files = (
				4AF5C53A2C92A98A005F2F67 /* WeatherServiceProtocol.swift in Sources */,
				4AF5C50E2C92A2A9005F2F67 /* WeatherApp.swift in Sources */,
				4AC410052C93E6860070EB75 /* LocationManagerProtocol.swift in Sources */,
				4AF5C5382C92A977005F2F67 /* HomeCoordinator.swift in Sources */,
				4AF5C5402C92AB3E005F2F67 /* WeatherData.swift in Sources */,
				4AF5C54B2C93514C005F2F67 /* ImageCacheManager.swift in Sources */,
				4AC410032C93E6710070EB75 /* ImageCacheManagerProtocol.swift in Sources */,
				4AF5C5502C935A21005F2F67 /* DefaultData.swift in Sources */,
				4AF5C5472C93484A005F2F67 /* WeatherViewModel.swift in Sources */,
				4AF5C5452C9347B9005F2F67 /* OpenWeatherService.swift in Sources */,
				4AF5C5492C9348D6005F2F67 /* WeatherView.swift in Sources */,
				4AF5C54D2C9356F6005F2F67 /* LocationManager.swift in Sources */,
			);
			runOnlyForDeploymentPostprocessing = 0;
		};
		4AF5C5162C92A2AC005F2F67 /* Sources */ = {
			isa = PBXSourcesBuildPhase;
			buildActionMask = 2147483647;
			files = (
				4AF5C5532C935F53005F2F67 /* ImageCacheManager.swift in Sources */,
				4AF5C5522C935F4F005F2F67 /* DefaultData.swift in Sources */,
				4AF5C5592C935F75005F2F67 /* MockServices.swift in Sources */,
				4AF5C5542C935F53005F2F67 /* LocationManager.swift in Sources */,
				4AC410062C93EBFD0070EB75 /* LocationManagerProtocol.swift in Sources */,
				4AC410072C93EC000070EB75 /* ImageCacheManagerProtocol.swift in Sources */,
				4AF5C5552C935F5C005F2F67 /* WeatherServiceProtocol.swift in Sources */,
				4AF5C5512C935F4B005F2F67 /* WeatherViewModel.swift in Sources */,
				4AF5C5572C935F5C005F2F67 /* WeatherData.swift in Sources */,
				4AF5C5562C935F5C005F2F67 /* OpenWeatherService.swift in Sources */,
				4AF5C55B2C935FF4005F2F67 /* WeatherViewModelTests.swift in Sources */,
			);
			runOnlyForDeploymentPostprocessing = 0;
		};
		4AF5C5202C92A2AC005F2F67 /* Sources */ = {
			isa = PBXSourcesBuildPhase;
			buildActionMask = 2147483647;
			files = (
				4AF5C5292C92A2AC005F2F67 /* WeatherUITests.swift in Sources */,
				4AF5C52B2C92A2AC005F2F67 /* WeatherUITestsLaunchTests.swift in Sources */,
			);
			runOnlyForDeploymentPostprocessing = 0;
		};
/* End PBXSourcesBuildPhase section */

/* Begin PBXTargetDependency section */
		4AF5C51C2C92A2AC005F2F67 /* PBXTargetDependency */ = {
			isa = PBXTargetDependency;
			target = 4AF5C5092C92A2A9005F2F67 /* Weather */;
			targetProxy = 4AF5C51B2C92A2AC005F2F67 /* PBXContainerItemProxy */;
		};
		4AF5C5262C92A2AC005F2F67 /* PBXTargetDependency */ = {
			isa = PBXTargetDependency;
			target = 4AF5C5092C92A2A9005F2F67 /* Weather */;
			targetProxy = 4AF5C5252C92A2AC005F2F67 /* PBXContainerItemProxy */;
		};
/* End PBXTargetDependency section */

/* Begin XCBuildConfiguration section */
		4AF5C52C2C92A2AC005F2F67 /* Debug */ = {
			isa = XCBuildConfiguration;
			buildSettings = {
				ALWAYS_SEARCH_USER_PATHS = NO;
				ASSETCATALOG_COMPILER_GENERATE_SWIFT_ASSET_SYMBOL_EXTENSIONS = YES;
				CLANG_ANALYZER_NONNULL = YES;
				CLANG_ANALYZER_NUMBER_OBJECT_CONVERSION = YES_AGGRESSIVE;
				CLANG_CXX_LANGUAGE_STANDARD = "gnu++20";
				CLANG_ENABLE_MODULES = YES;
				CLANG_ENABLE_OBJC_ARC = YES;
				CLANG_ENABLE_OBJC_WEAK = YES;
				CLANG_WARN_BLOCK_CAPTURE_AUTORELEASING = YES;
				CLANG_WARN_BOOL_CONVERSION = YES;
				CLANG_WARN_COMMA = YES;
				CLANG_WARN_CONSTANT_CONVERSION = YES;
				CLANG_WARN_DEPRECATED_OBJC_IMPLEMENTATIONS = YES;
				CLANG_WARN_DIRECT_OBJC_ISA_USAGE = YES_ERROR;
				CLANG_WARN_DOCUMENTATION_COMMENTS = YES;
				CLANG_WARN_EMPTY_BODY = YES;
				CLANG_WARN_ENUM_CONVERSION = YES;
				CLANG_WARN_INFINITE_RECURSION = YES;
				CLANG_WARN_INT_CONVERSION = YES;
				CLANG_WARN_NON_LITERAL_NULL_CONVERSION = YES;
				CLANG_WARN_OBJC_IMPLICIT_RETAIN_SELF = YES;
				CLANG_WARN_OBJC_LITERAL_CONVERSION = YES;
				CLANG_WARN_OBJC_ROOT_CLASS = YES_ERROR;
				CLANG_WARN_QUOTED_INCLUDE_IN_FRAMEWORK_HEADER = YES;
				CLANG_WARN_RANGE_LOOP_ANALYSIS = YES;
				CLANG_WARN_STRICT_PROTOTYPES = YES;
				CLANG_WARN_SUSPICIOUS_MOVE = YES;
				CLANG_WARN_UNGUARDED_AVAILABILITY = YES_AGGRESSIVE;
				CLANG_WARN_UNREACHABLE_CODE = YES;
				CLANG_WARN__DUPLICATE_METHOD_MATCH = YES;
				COPY_PHASE_STRIP = NO;
				DEBUG_INFORMATION_FORMAT = dwarf;
				ENABLE_STRICT_OBJC_MSGSEND = YES;
				ENABLE_TESTABILITY = YES;
				ENABLE_USER_SCRIPT_SANDBOXING = YES;
				GCC_C_LANGUAGE_STANDARD = gnu17;
				GCC_DYNAMIC_NO_PIC = NO;
				GCC_NO_COMMON_BLOCKS = YES;
				GCC_OPTIMIZATION_LEVEL = 0;
				GCC_PREPROCESSOR_DEFINITIONS = (
					"DEBUG=1",
					"$(inherited)",
				);
				GCC_WARN_64_TO_32_BIT_CONVERSION = YES;
				GCC_WARN_ABOUT_RETURN_TYPE = YES_ERROR;
				GCC_WARN_UNDECLARED_SELECTOR = YES;
				GCC_WARN_UNINITIALIZED_AUTOS = YES_AGGRESSIVE;
				GCC_WARN_UNUSED_FUNCTION = YES;
				GCC_WARN_UNUSED_VARIABLE = YES;
				IPHONEOS_DEPLOYMENT_TARGET = 17.2;
				LOCALIZATION_PREFERS_STRING_CATALOGS = YES;
				MTL_ENABLE_DEBUG_INFO = INCLUDE_SOURCE;
				MTL_FAST_MATH = YES;
				ONLY_ACTIVE_ARCH = YES;
				SDKROOT = iphoneos;
				SWIFT_ACTIVE_COMPILATION_CONDITIONS = "DEBUG $(inherited)";
				SWIFT_OPTIMIZATION_LEVEL = "-Onone";
			};
			name = Debug;
		};
		4AF5C52D2C92A2AC005F2F67 /* Release */ = {
			isa = XCBuildConfiguration;
			buildSettings = {
				ALWAYS_SEARCH_USER_PATHS = NO;
				ASSETCATALOG_COMPILER_GENERATE_SWIFT_ASSET_SYMBOL_EXTENSIONS = YES;
				CLANG_ANALYZER_NONNULL = YES;
				CLANG_ANALYZER_NUMBER_OBJECT_CONVERSION = YES_AGGRESSIVE;
				CLANG_CXX_LANGUAGE_STANDARD = "gnu++20";
				CLANG_ENABLE_MODULES = YES;
				CLANG_ENABLE_OBJC_ARC = YES;
				CLANG_ENABLE_OBJC_WEAK = YES;
				CLANG_WARN_BLOCK_CAPTURE_AUTORELEASING = YES;
				CLANG_WARN_BOOL_CONVERSION = YES;
				CLANG_WARN_COMMA = YES;
				CLANG_WARN_CONSTANT_CONVERSION = YES;
				CLANG_WARN_DEPRECATED_OBJC_IMPLEMENTATIONS = YES;
				CLANG_WARN_DIRECT_OBJC_ISA_USAGE = YES_ERROR;
				CLANG_WARN_DOCUMENTATION_COMMENTS = YES;
				CLANG_WARN_EMPTY_BODY = YES;
				CLANG_WARN_ENUM_CONVERSION = YES;
				CLANG_WARN_INFINITE_RECURSION = YES;
				CLANG_WARN_INT_CONVERSION = YES;
				CLANG_WARN_NON_LITERAL_NULL_CONVERSION = YES;
				CLANG_WARN_OBJC_IMPLICIT_RETAIN_SELF = YES;
				CLANG_WARN_OBJC_LITERAL_CONVERSION = YES;
				CLANG_WARN_OBJC_ROOT_CLASS = YES_ERROR;
				CLANG_WARN_QUOTED_INCLUDE_IN_FRAMEWORK_HEADER = YES;
				CLANG_WARN_RANGE_LOOP_ANALYSIS = YES;
				CLANG_WARN_STRICT_PROTOTYPES = YES;
				CLANG_WARN_SUSPICIOUS_MOVE = YES;
				CLANG_WARN_UNGUARDED_AVAILABILITY = YES_AGGRESSIVE;
				CLANG_WARN_UNREACHABLE_CODE = YES;
				CLANG_WARN__DUPLICATE_METHOD_MATCH = YES;
				COPY_PHASE_STRIP = NO;
				DEBUG_INFORMATION_FORMAT = "dwarf-with-dsym";
				ENABLE_NS_ASSERTIONS = NO;
				ENABLE_STRICT_OBJC_MSGSEND = YES;
				ENABLE_USER_SCRIPT_SANDBOXING = YES;
				GCC_C_LANGUAGE_STANDARD = gnu17;
				GCC_NO_COMMON_BLOCKS = YES;
				GCC_WARN_64_TO_32_BIT_CONVERSION = YES;
				GCC_WARN_ABOUT_RETURN_TYPE = YES_ERROR;
				GCC_WARN_UNDECLARED_SELECTOR = YES;
				GCC_WARN_UNINITIALIZED_AUTOS = YES_AGGRESSIVE;
				GCC_WARN_UNUSED_FUNCTION = YES;
				GCC_WARN_UNUSED_VARIABLE = YES;
				IPHONEOS_DEPLOYMENT_TARGET = 17.2;
				LOCALIZATION_PREFERS_STRING_CATALOGS = YES;
				MTL_ENABLE_DEBUG_INFO = NO;
				MTL_FAST_MATH = YES;
				SDKROOT = iphoneos;
				SWIFT_COMPILATION_MODE = wholemodule;
				VALIDATE_PRODUCT = YES;
			};
			name = Release;
		};
		4AF5C52F2C92A2AC005F2F67 /* Debug */ = {
			isa = XCBuildConfiguration;
			buildSettings = {
				ASSETCATALOG_COMPILER_APPICON_NAME = AppIcon;
				ASSETCATALOG_COMPILER_GLOBAL_ACCENT_COLOR_NAME = AccentColor;
				CODE_SIGN_STYLE = Automatic;
				CURRENT_PROJECT_VERSION = 1;
				DEVELOPMENT_ASSET_PATHS = "\"Weather/Preview Content\"";
				ENABLE_PREVIEWS = YES;
				GENERATE_INFOPLIST_FILE = YES;
				INFOPLIST_KEY_NSLocationWhenInUseUsageDescription = "We need your location to show weather details for your area.";
				INFOPLIST_KEY_UIApplicationSceneManifest_Generation = YES;
				INFOPLIST_KEY_UIApplicationSupportsIndirectInputEvents = YES;
				INFOPLIST_KEY_UILaunchScreen_Generation = YES;
				INFOPLIST_KEY_UISupportedInterfaceOrientations_iPad = "UIInterfaceOrientationPortrait UIInterfaceOrientationPortraitUpsideDown UIInterfaceOrientationLandscapeLeft UIInterfaceOrientationLandscapeRight";
				INFOPLIST_KEY_UISupportedInterfaceOrientations_iPhone = "UIInterfaceOrientationPortrait UIInterfaceOrientationLandscapeLeft UIInterfaceOrientationLandscapeRight";
				LD_RUNPATH_SEARCH_PATHS = (
					"$(inherited)",
					"@executable_path/Frameworks",
				);
				MARKETING_VERSION = 1.0;
				PRODUCT_BUNDLE_IDENTIFIER = com.myapp.Weather;
				PRODUCT_NAME = "$(TARGET_NAME)";
				SWIFT_EMIT_LOC_STRINGS = YES;
				SWIFT_VERSION = 5.0;
				TARGETED_DEVICE_FAMILY = "1,2";
			};
			name = Debug;
		};
		4AF5C5302C92A2AC005F2F67 /* Release */ = {
			isa = XCBuildConfiguration;
			buildSettings = {
				ASSETCATALOG_COMPILER_APPICON_NAME = AppIcon;
				ASSETCATALOG_COMPILER_GLOBAL_ACCENT_COLOR_NAME = AccentColor;
				CODE_SIGN_STYLE = Automatic;
				CURRENT_PROJECT_VERSION = 1;
				DEVELOPMENT_ASSET_PATHS = "\"Weather/Preview Content\"";
				ENABLE_PREVIEWS = YES;
				GENERATE_INFOPLIST_FILE = YES;
				INFOPLIST_KEY_NSLocationWhenInUseUsageDescription = "We need your location to show weather details for your area.";
				INFOPLIST_KEY_UIApplicationSceneManifest_Generation = YES;
				INFOPLIST_KEY_UIApplicationSupportsIndirectInputEvents = YES;
				INFOPLIST_KEY_UILaunchScreen_Generation = YES;
				INFOPLIST_KEY_UISupportedInterfaceOrientations_iPad = "UIInterfaceOrientationPortrait UIInterfaceOrientationPortraitUpsideDown UIInterfaceOrientationLandscapeLeft UIInterfaceOrientationLandscapeRight";
				INFOPLIST_KEY_UISupportedInterfaceOrientations_iPhone = "UIInterfaceOrientationPortrait UIInterfaceOrientationLandscapeLeft UIInterfaceOrientationLandscapeRight";
				LD_RUNPATH_SEARCH_PATHS = (
					"$(inherited)",
					"@executable_path/Frameworks",
				);
				MARKETING_VERSION = 1.0;
				PRODUCT_BUNDLE_IDENTIFIER = com.myapp.Weather;
				PRODUCT_NAME = "$(TARGET_NAME)";
				SWIFT_EMIT_LOC_STRINGS = YES;
				SWIFT_VERSION = 5.0;
				TARGETED_DEVICE_FAMILY = "1,2";
			};
			name = Release;
		};
		4AF5C5322C92A2AC005F2F67 /* Debug */ = {
			isa = XCBuildConfiguration;
			buildSettings = {
				ALWAYS_EMBED_SWIFT_STANDARD_LIBRARIES = YES;
				BUNDLE_LOADER = "$(TEST_HOST)";
				CODE_SIGN_STYLE = Automatic;
				CURRENT_PROJECT_VERSION = 1;
				GENERATE_INFOPLIST_FILE = YES;
				IPHONEOS_DEPLOYMENT_TARGET = 17.2;
				MARKETING_VERSION = 1.0;
				PRODUCT_BUNDLE_IDENTIFIER = com.myapp.WeatherTests;
				PRODUCT_NAME = "$(TARGET_NAME)";
				SWIFT_EMIT_LOC_STRINGS = NO;
				SWIFT_VERSION = 5.0;
				TARGETED_DEVICE_FAMILY = "1,2";
				TEST_HOST = "$(BUILT_PRODUCTS_DIR)/Weather.app/$(BUNDLE_EXECUTABLE_FOLDER_PATH)/Weather";
			};
			name = Debug;
		};
		4AF5C5332C92A2AC005F2F67 /* Release */ = {
			isa = XCBuildConfiguration;
			buildSettings = {
				ALWAYS_EMBED_SWIFT_STANDARD_LIBRARIES = YES;
				BUNDLE_LOADER = "$(TEST_HOST)";
				CODE_SIGN_STYLE = Automatic;
				CURRENT_PROJECT_VERSION = 1;
				GENERATE_INFOPLIST_FILE = YES;
				IPHONEOS_DEPLOYMENT_TARGET = 17.2;
				MARKETING_VERSION = 1.0;
				PRODUCT_BUNDLE_IDENTIFIER = com.myapp.WeatherTests;
				PRODUCT_NAME = "$(TARGET_NAME)";
				SWIFT_EMIT_LOC_STRINGS = NO;
				SWIFT_VERSION = 5.0;
				TARGETED_DEVICE_FAMILY = "1,2";
				TEST_HOST = "$(BUILT_PRODUCTS_DIR)/Weather.app/$(BUNDLE_EXECUTABLE_FOLDER_PATH)/Weather";
			};
			name = Release;
		};
		4AF5C5352C92A2AC005F2F67 /* Debug */ = {
			isa = XCBuildConfiguration;
			buildSettings = {
				ALWAYS_EMBED_SWIFT_STANDARD_LIBRARIES = YES;
				CODE_SIGN_STYLE = Automatic;
				CURRENT_PROJECT_VERSION = 1;
				GENERATE_INFOPLIST_FILE = YES;
				MARKETING_VERSION = 1.0;
				PRODUCT_BUNDLE_IDENTIFIER = com.myapp.WeatherUITests;
				PRODUCT_NAME = "$(TARGET_NAME)";
				SWIFT_EMIT_LOC_STRINGS = NO;
				SWIFT_VERSION = 5.0;
				TARGETED_DEVICE_FAMILY = "1,2";
				TEST_TARGET_NAME = Weather;
			};
			name = Debug;
		};
		4AF5C5362C92A2AC005F2F67 /* Release */ = {
			isa = XCBuildConfiguration;
			buildSettings = {
				ALWAYS_EMBED_SWIFT_STANDARD_LIBRARIES = YES;
				CODE_SIGN_STYLE = Automatic;
				CURRENT_PROJECT_VERSION = 1;
				GENERATE_INFOPLIST_FILE = YES;
				MARKETING_VERSION = 1.0;
				PRODUCT_BUNDLE_IDENTIFIER = com.myapp.WeatherUITests;
				PRODUCT_NAME = "$(TARGET_NAME)";
				SWIFT_EMIT_LOC_STRINGS = NO;
				SWIFT_VERSION = 5.0;
				TARGETED_DEVICE_FAMILY = "1,2";
				TEST_TARGET_NAME = Weather;
			};
			name = Release;
		};
/* End XCBuildConfiguration section */

/* Begin XCConfigurationList section */
		4AF5C5052C92A2A9005F2F67 /* Build configuration list for PBXProject "Weather" */ = {
			isa = XCConfigurationList;
			buildConfigurations = (
				4AF5C52C2C92A2AC005F2F67 /* Debug */,
				4AF5C52D2C92A2AC005F2F67 /* Release */,
			);
			defaultConfigurationIsVisible = 0;
			defaultConfigurationName = Release;
		};
		4AF5C52E2C92A2AC005F2F67 /* Build configuration list for PBXNativeTarget "Weather" */ = {
			isa = XCConfigurationList;
			buildConfigurations = (
				4AF5C52F2C92A2AC005F2F67 /* Debug */,
				4AF5C5302C92A2AC005F2F67 /* Release */,
			);
			defaultConfigurationIsVisible = 0;
			defaultConfigurationName = Release;
		};
		4AF5C5312C92A2AC005F2F67 /* Build configuration list for PBXNativeTarget "WeatherTests" */ = {
			isa = XCConfigurationList;
			buildConfigurations = (
				4AF5C5322C92A2AC005F2F67 /* Debug */,
				4AF5C5332C92A2AC005F2F67 /* Release */,
			);
			defaultConfigurationIsVisible = 0;
			defaultConfigurationName = Release;
		};
		4AF5C5342C92A2AC005F2F67 /* Build configuration list for PBXNativeTarget "WeatherUITests" */ = {
			isa = XCConfigurationList;
			buildConfigurations = (
				4AF5C5352C92A2AC005F2F67 /* Debug */,
				4AF5C5362C92A2AC005F2F67 /* Release */,
			);
			defaultConfigurationIsVisible = 0;
			defaultConfigurationName = Release;
		};
/* End XCConfigurationList section */
	};
	rootObject = 4AF5C5022C92A2A9005F2F67 /* Project object */;
}
